
Microsoft Visual Studio Solution File, Format Version 12.00
# Visual Studio Version 17
VisualStudioVersion = 17.7.34221.43
MinimumVisualStudioVersion = 10.0.40219.1
Project("{9A19103F-16F7-4668-BE54-9A1E7A4F7556}") = "fraud_detect", "fraud_detect.csproj", "{998FA7BB-8F19-4185-B048-EE9204CE91F0}"
EndProject
Global
	GlobalSection(SolutionConfigurationPlatforms) = preSolution
		Debug|Any CPU = Debug|Any CPU
		Release|Any CPU = Release|Any CPU
	EndGlobalSection
	GlobalSection(ProjectConfigurationPlatforms) = postSolution
		{998FA7BB-8F19-4185-B048-EE9204CE91F0}.Debug|Any CPU.ActiveCfg = Debug|Any CPU
		{998FA7BB-8F19-4185-B048-EE9204CE91F0}.Debug|Any CPU.Build.0 = Debug|Any CPU
		{998FA7BB-8F19-4185-B048-EE9204CE91F0}.Debug|Any CPU.Deploy.0 = Debug|Any CPU
		{998FA7BB-8F19-4185-B048-EE9204CE91F0}.Release|Any CPU.ActiveCfg = Release|Any CPU
		{998FA7BB-8F19-4185-B048-EE9204CE91F0}.Release|Any CPU.Build.0 = Release|Any CPU
		{998FA7BB-8F19-4185-B048-EE9204CE91F0}.Release|Any CPU.Deploy.0 = Release|Any CPU
	EndGlobalSection
	GlobalSection(SolutionProperties) = preSolution
		HideSolutionNode = FALSE
	EndGlobalSection
	GlobalSection(ExtensibilityGlobals) = postSolution
		SolutionGuid = {7DC0B9EC-D952-4A1B-8624-3528CEF737C9}
	EndGlobalSection
EndGlobal
